
Microsoft Visual Studio Solution File, Format Version 12.00
Project("{FAE04EC0-301F-11D3-BF4B-00C04F79EFBC}") = "ConsoleApp8", "ConsoleApp8\ConsoleApp8.csproj", "{0578B980-E97B-40C4-A45D-0657BFB59C59}"
EndProject
Project("{FAE04EC0-301F-11D3-BF4B-00C04F79EFBC}") = "TestProject1", "TestProject1\TestProject1.csproj", "{12E2826B-F86F-48B0-95B0-AD0CFFE12A2A}"
EndProject
Global
	GlobalSection(SolutionConfigurationPlatforms) = preSolution
		Debug|Any CPU = Debug|Any CPU
		Release|Any CPU = Release|Any CPU
	EndGlobalSection
	GlobalSection(ProjectConfigurationPlatforms) = postSolution
		{0578B980-E97B-40C4-A45D-0657BFB59C59}.Debug|Any CPU.ActiveCfg = Debug|Any CPU
		{0578B980-E97B-40C4-A45D-0657BFB59C59}.Debug|Any CPU.Build.0 = Debug|Any CPU
		{0578B980-E97B-40C4-A45D-0657BFB59C59}.Release|Any CPU.ActiveCfg = Release|Any CPU
		{0578B980-E97B-40C4-A45D-0657BFB59C59}.Release|Any CPU.Build.0 = Release|Any CPU
		{12E2826B-F86F-48B0-95B0-AD0CFFE12A2A}.Debug|Any CPU.ActiveCfg = Debug|Any CPU
		{12E2826B-F86F-48B0-95B0-AD0CFFE12A2A}.Debug|Any CPU.Build.0 = Debug|Any CPU
		{12E2826B-F86F-48B0-95B0-AD0CFFE12A2A}.Release|Any CPU.ActiveCfg = Release|Any CPU
		{12E2826B-F86F-48B0-95B0-AD0CFFE12A2A}.Release|Any CPU.Build.0 = Release|Any CPU
	EndGlobalSection
EndGlobal
